
Microsoft Visual Studio Solution File, Format Version 12.00
# Visual Studio Version 17
VisualStudioVersion = 17.5.002.0
MinimumVisualStudioVersion = 10.0.40219.1
Project("{9A19103F-16F7-4668-BE54-9A1E7A4F7556}") = "atividade_imc_xunit", "atividade_imc_xunit.csproj", "{6094C645-0F0E-416C-850A-A0BAD4E151B2}"
EndProject
Global
	GlobalSection(SolutionConfigurationPlatforms) = preSolution
		Debug|Any CPU = Debug|Any CPU
		Release|Any CPU = Release|Any CPU
	EndGlobalSection
	GlobalSection(ProjectConfigurationPlatforms) = postSolution
		{6094C645-0F0E-416C-850A-A0BAD4E151B2}.Debug|Any CPU.ActiveCfg = Debug|Any CPU
		{6094C645-0F0E-416C-850A-A0BAD4E151B2}.Debug|Any CPU.Build.0 = Debug|Any CPU
		{6094C645-0F0E-416C-850A-A0BAD4E151B2}.Release|Any CPU.ActiveCfg = Release|Any CPU
		{6094C645-0F0E-416C-850A-A0BAD4E151B2}.Release|Any CPU.Build.0 = Release|Any CPU
	EndGlobalSection
	GlobalSection(SolutionProperties) = preSolution
		HideSolutionNode = FALSE
	EndGlobalSection
	GlobalSection(ExtensibilityGlobals) = postSolution
		SolutionGuid = {E329F161-88F8-485F-9FC9-12F7115CE820}
	EndGlobalSection
EndGlobal
